
Microsoft Visual Studio Solution File, Format Version 12.00
# Visual Studio Version 16
VisualStudioVersion = 16.0.29721.120
MinimumVisualStudioVersion = 10.0.40219.1
Project("{FAE04EC0-301F-11D3-BF4B-00C04F79EFBC}") = "laba4_4", "laba4_4\laba4_4.csproj", "{503C74BB-0A06-406C-88CB-B28E2B836F9E}"
EndProject
Global
	GlobalSection(SolutionConfigurationPlatforms) = preSolution
		Debug|Any CPU = Debug|Any CPU
		Release|Any CPU = Release|Any CPU
	EndGlobalSection
	GlobalSection(ProjectConfigurationPlatforms) = postSolution
		{503C74BB-0A06-406C-88CB-B28E2B836F9E}.Debug|Any CPU.ActiveCfg = Debug|Any CPU
		{503C74BB-0A06-406C-88CB-B28E2B836F9E}.Debug|Any CPU.Build.0 = Debug|Any CPU
		{503C74BB-0A06-406C-88CB-B28E2B836F9E}.Release|Any CPU.ActiveCfg = Release|Any CPU
		{503C74BB-0A06-406C-88CB-B28E2B836F9E}.Release|Any CPU.Build.0 = Release|Any CPU
	EndGlobalSection
	GlobalSection(SolutionProperties) = preSolution
		HideSolutionNode = FALSE
	EndGlobalSection
	GlobalSection(ExtensibilityGlobals) = postSolution
		SolutionGuid = {3756698E-52FA-45B6-8F9C-A1582D2E4603}
	EndGlobalSection
EndGlobal
